
Microsoft Visual Studio Solution File, Format Version 12.00
# Visual Studio Version 17
VisualStudioVersion = 17.7.34031.279
MinimumVisualStudioVersion = 10.0.40219.1
Project("{FAE04EC0-301F-11D3-BF4B-00C04F79EFBC}") = "Selection_Sort", "Selection_Sort\Selection_Sort.csproj", "{DE473ABA-04E0-4947-9668-171C9B18BB24}"
EndProject
Global
	GlobalSection(SolutionConfigurationPlatforms) = preSolution
		Debug|Any CPU = Debug|Any CPU
		Release|Any CPU = Release|Any CPU
	EndGlobalSection
	GlobalSection(ProjectConfigurationPlatforms) = postSolution
		{DE473ABA-04E0-4947-9668-171C9B18BB24}.Debug|Any CPU.ActiveCfg = Debug|Any CPU
		{DE473ABA-04E0-4947-9668-171C9B18BB24}.Debug|Any CPU.Build.0 = Debug|Any CPU
		{DE473ABA-04E0-4947-9668-171C9B18BB24}.Release|Any CPU.ActiveCfg = Release|Any CPU
		{DE473ABA-04E0-4947-9668-171C9B18BB24}.Release|Any CPU.Build.0 = Release|Any CPU
	EndGlobalSection
	GlobalSection(SolutionProperties) = preSolution
		HideSolutionNode = FALSE
	EndGlobalSection
	GlobalSection(ExtensibilityGlobals) = postSolution
		SolutionGuid = {B904F44D-CF8B-4573-97FE-B0F8733EE176}
	EndGlobalSection
EndGlobal
